
Microsoft Visual Studio Solution File, Format Version 12.00
# Visual Studio Version 16
VisualStudioVersion = 16.0.31702.278
MinimumVisualStudioVersion = 10.0.40219.1
Project("{FAE04EC0-301F-11D3-BF4B-00C04F79EFBC}") = "BridgeApp.Android", "BridgeApp\BridgeApp.Android\BridgeApp.Android.csproj", "{56EE9EED-0662-4365-B5A1-6E1F385BB3BE}"
EndProject
Project("{FAE04EC0-301F-11D3-BF4B-00C04F79EFBC}") = "BridgeApp.iOS", "BridgeApp\BridgeApp.iOS\BridgeApp.iOS.csproj", "{9F52DC68-1369-4839-8B3B-DFBA23FC6824}"
EndProject
Project("{FAE04EC0-301F-11D3-BF4B-00C04F79EFBC}") = "BridgeApp", "BridgeApp\BridgeApp\BridgeApp.csproj", "{D0349125-561C-42B8-B3FC-748C89C308FE}"
EndProject
Global
	GlobalSection(SolutionConfigurationPlatforms) = preSolution
		Debug|Any CPU = Debug|Any CPU
		Debug|iPhone = Debug|iPhone
		Debug|iPhoneSimulator = Debug|iPhoneSimulator
		Release|Any CPU = Release|Any CPU
		Release|iPhone = Release|iPhone
		Release|iPhoneSimulator = Release|iPhoneSimulator
	EndGlobalSection
	GlobalSection(ProjectConfigurationPlatforms) = postSolution
		{56EE9EED-0662-4365-B5A1-6E1F385BB3BE}.Debug|Any CPU.ActiveCfg = Debug|Any CPU
		{56EE9EED-0662-4365-B5A1-6E1F385BB3BE}.Debug|Any CPU.Build.0 = Debug|Any CPU
		{56EE9EED-0662-4365-B5A1-6E1F385BB3BE}.Debug|Any CPU.Deploy.0 = Debug|Any CPU
		{56EE9EED-0662-4365-B5A1-6E1F385BB3BE}.Debug|iPhone.ActiveCfg = Debug|Any CPU
		{56EE9EED-0662-4365-B5A1-6E1F385BB3BE}.Debug|iPhone.Build.0 = Debug|Any CPU
		{56EE9EED-0662-4365-B5A1-6E1F385BB3BE}.Debug|iPhone.Deploy.0 = Debug|Any CPU
		{56EE9EED-0662-4365-B5A1-6E1F385BB3BE}.Debug|iPhoneSimulator.ActiveCfg = Debug|Any CPU
		{56EE9EED-0662-4365-B5A1-6E1F385BB3BE}.Debug|iPhoneSimulator.Build.0 = Debug|Any CPU
		{56EE9EED-0662-4365-B5A1-6E1F385BB3BE}.Debug|iPhoneSimulator.Deploy.0 = Debug|Any CPU
		{56EE9EED-0662-4365-B5A1-6E1F385BB3BE}.Release|Any CPU.ActiveCfg = Release|Any CPU
		{56EE9EED-0662-4365-B5A1-6E1F385BB3BE}.Release|Any CPU.Build.0 = Release|Any CPU
		{56EE9EED-0662-4365-B5A1-6E1F385BB3BE}.Release|Any CPU.Deploy.0 = Release|Any CPU
		{56EE9EED-0662-4365-B5A1-6E1F385BB3BE}.Release|iPhone.ActiveCfg = Release|Any CPU
		{56EE9EED-0662-4365-B5A1-6E1F385BB3BE}.Release|iPhone.Build.0 = Release|Any CPU
		{56EE9EED-0662-4365-B5A1-6E1F385BB3BE}.Release|iPhone.Deploy.0 = Release|Any CPU
		{56EE9EED-0662-4365-B5A1-6E1F385BB3BE}.Release|iPhoneSimulator.ActiveCfg = Release|Any CPU
		{56EE9EED-0662-4365-B5A1-6E1F385BB3BE}.Release|iPhoneSimulator.Build.0 = Release|Any CPU
		{56EE9EED-0662-4365-B5A1-6E1F385BB3BE}.Release|iPhoneSimulator.Deploy.0 = Release|Any CPU
		{9F52DC68-1369-4839-8B3B-DFBA23FC6824}.Debug|Any CPU.ActiveCfg = Debug|iPhone
		{9F52DC68-1369-4839-8B3B-DFBA23FC6824}.Debug|Any CPU.Build.0 = Debug|iPhone
		{9F52DC68-1369-4839-8B3B-DFBA23FC6824}.Debug|Any CPU.Deploy.0 = Debug|iPhone
		{9F52DC68-1369-4839-8B3B-DFBA23FC6824}.Debug|iPhone.ActiveCfg = Debug|iPhone
		{9F52DC68-1369-4839-8B3B-DFBA23FC6824}.Debug|iPhone.Build.0 = Debug|iPhone
		{9F52DC68-1369-4839-8B3B-DFBA23FC6824}.Debug|iPhone.Deploy.0 = Debug|iPhone
		{9F52DC68-1369-4839-8B3B-DFBA23FC6824}.Debug|iPhoneSimulator.ActiveCfg = Debug|iPhoneSimulator
		{9F52DC68-1369-4839-8B3B-DFBA23FC6824}.Debug|iPhoneSimulator.Build.0 = Debug|iPhoneSimulator
		{9F52DC68-1369-4839-8B3B-DFBA23FC6824}.Debug|iPhoneSimulator.Deploy.0 = Debug|iPhoneSimulator
		{9F52DC68-1369-4839-8B3B-DFBA23FC6824}.Release|Any CPU.ActiveCfg = Release|iPhoneSimulator
		{9F52DC68-1369-4839-8B3B-DFBA23FC6824}.Release|Any CPU.Build.0 = Release|iPhoneSimulator
		{9F52DC68-1369-4839-8B3B-DFBA23FC6824}.Release|Any CPU.Deploy.0 = Release|iPhoneSimulator
		{9F52DC68-1369-4839-8B3B-DFBA23FC6824}.Release|iPhone.ActiveCfg = Release|iPhone
		{9F52DC68-1369-4839-8B3B-DFBA23FC6824}.Release|iPhone.Build.0 = Release|iPhone
		{9F52DC68-1369-4839-8B3B-DFBA23FC6824}.Release|iPhone.Deploy.0 = Release|iPhone
		{9F52DC68-1369-4839-8B3B-DFBA23FC6824}.Release|iPhoneSimulator.ActiveCfg = Release|iPhoneSimulator
		{9F52DC68-1369-4839-8B3B-DFBA23FC6824}.Release|iPhoneSimulator.Build.0 = Release|iPhoneSimulator
		{9F52DC68-1369-4839-8B3B-DFBA23FC6824}.Release|iPhoneSimulator.Deploy.0 = Release|iPhoneSimulator
		{D0349125-561C-42B8-B3FC-748C89C308FE}.Debug|Any CPU.ActiveCfg = Debug|Any CPU
		{D0349125-561C-42B8-B3FC-748C89C308FE}.Debug|Any CPU.Build.0 = Debug|Any CPU
		{D0349125-561C-42B8-B3FC-748C89C308FE}.Debug|Any CPU.Deploy.0 = Debug|Any CPU
		{D0349125-561C-42B8-B3FC-748C89C308FE}.Debug|iPhone.ActiveCfg = Debug|Any CPU
		{D0349125-561C-42B8-B3FC-748C89C308FE}.Debug|iPhone.Build.0 = Debug|Any CPU
		{D0349125-561C-42B8-B3FC-748C89C308FE}.Debug|iPhone.Deploy.0 = Debug|Any CPU
		{D0349125-561C-42B8-B3FC-748C89C308FE}.Debug|iPhoneSimulator.ActiveCfg = Debug|Any CPU
		{D0349125-561C-42B8-B3FC-748C89C308FE}.Debug|iPhoneSimulator.Build.0 = Debug|Any CPU
		{D0349125-561C-42B8-B3FC-748C89C308FE}.Debug|iPhoneSimulator.Deploy.0 = Debug|Any CPU
		{D0349125-561C-42B8-B3FC-748C89C308FE}.Release|Any CPU.ActiveCfg = Release|Any CPU
		{D0349125-561C-42B8-B3FC-748C89C308FE}.Release|Any CPU.Build.0 = Release|Any CPU
		{D0349125-561C-42B8-B3FC-748C89C308FE}.Release|Any CPU.Deploy.0 = Release|Any CPU
		{D0349125-561C-42B8-B3FC-748C89C308FE}.Release|iPhone.ActiveCfg = Release|Any CPU
		{D0349125-561C-42B8-B3FC-748C89C308FE}.Release|iPhone.Build.0 = Release|Any CPU
		{D0349125-561C-42B8-B3FC-748C89C308FE}.Release|iPhone.Deploy.0 = Release|Any CPU
		{D0349125-561C-42B8-B3FC-748C89C308FE}.Release|iPhoneSimulator.ActiveCfg = Release|Any CPU
		{D0349125-561C-42B8-B3FC-748C89C308FE}.Release|iPhoneSimulator.Build.0 = Release|Any CPU
		{D0349125-561C-42B8-B3FC-748C89C308FE}.Release|iPhoneSimulator.Deploy.0 = Release|Any CPU
	EndGlobalSection
	GlobalSection(SolutionProperties) = preSolution
		HideSolutionNode = FALSE
	EndGlobalSection
	GlobalSection(ExtensibilityGlobals) = postSolution
		SolutionGuid = {63D808F7-4020-4183-9FFA-7CA9CDDEDB3A}
	EndGlobalSection
EndGlobal
